
Microsoft Visual Studio Solution File, Format Version 12.00
# Visual Studio Version 16
VisualStudioVersion = 16.0.30907.101
MinimumVisualStudioVersion = 10.0.40219.1
Project("{FAE04EC0-301F-11D3-BF4B-00C04F79EFBC}") = "SeperateSteps", "SeperateSteps\SeperateSteps.csproj", "{F76A1FF0-2486-410A-902E-FDC5320C7FF6}"
EndProject
Global
	GlobalSection(SolutionConfigurationPlatforms) = preSolution
		Debug|Any CPU = Debug|Any CPU
		Release|Any CPU = Release|Any CPU
	EndGlobalSection
	GlobalSection(ProjectConfigurationPlatforms) = postSolution
		{F76A1FF0-2486-410A-902E-FDC5320C7FF6}.Debug|Any CPU.ActiveCfg = Debug|Any CPU
		{F76A1FF0-2486-410A-902E-FDC5320C7FF6}.Debug|Any CPU.Build.0 = Debug|Any CPU
		{F76A1FF0-2486-410A-902E-FDC5320C7FF6}.Release|Any CPU.ActiveCfg = Release|Any CPU
		{F76A1FF0-2486-410A-902E-FDC5320C7FF6}.Release|Any CPU.Build.0 = Release|Any CPU
	EndGlobalSection
	GlobalSection(SolutionProperties) = preSolution
		HideSolutionNode = FALSE
	EndGlobalSection
	GlobalSection(ExtensibilityGlobals) = postSolution
		SolutionGuid = {36AE31BC-BFB4-4957-A726-0F9B8ED86172}
	EndGlobalSection
EndGlobal
